
Microsoft Visual Studio Solution File, Format Version 12.00
# Visual Studio Version 17
VisualStudioVersion = 17.9.34902.65
MinimumVisualStudioVersion = 10.0.40219.1
Project("{FAE04EC0-301F-11D3-BF4B-00C04F79EFBC}") = "ProyectoCudec1", "ProyectoCudec1\ProyectoCudec1.csproj", "{B2BB548B-3C13-4A04-8F40-E2AEA458CC1A}"
EndProject
Global
	GlobalSection(SolutionConfigurationPlatforms) = preSolution
		Debug|Any CPU = Debug|Any CPU
		Release|Any CPU = Release|Any CPU
	EndGlobalSection
	GlobalSection(ProjectConfigurationPlatforms) = postSolution
		{B2BB548B-3C13-4A04-8F40-E2AEA458CC1A}.Debug|Any CPU.ActiveCfg = Debug|Any CPU
		{B2BB548B-3C13-4A04-8F40-E2AEA458CC1A}.Debug|Any CPU.Build.0 = Debug|Any CPU
		{B2BB548B-3C13-4A04-8F40-E2AEA458CC1A}.Release|Any CPU.ActiveCfg = Release|Any CPU
		{B2BB548B-3C13-4A04-8F40-E2AEA458CC1A}.Release|Any CPU.Build.0 = Release|Any CPU
	EndGlobalSection
	GlobalSection(SolutionProperties) = preSolution
		HideSolutionNode = FALSE
	EndGlobalSection
	GlobalSection(ExtensibilityGlobals) = postSolution
		SolutionGuid = {0492B09D-CBFD-4459-9A69-168D41E49B50}
	EndGlobalSection
EndGlobal
